
Microsoft Visual Studio Solution File, Format Version 12.00
# Visual Studio 15
VisualStudioVersion = 15.0.28307.539
MinimumVisualStudioVersion = 10.0.40219.1
Project("{FAE04EC0-301F-11D3-BF4B-00C04F79EFBC}") = "Utils.Core", "Utils.Core\Utils.Core.csproj", "{1FFF3F27-60C6-4E3F-AF4B-C7BFFD3F8154}"
EndProject
Project("{FAE04EC0-301F-11D3-BF4B-00C04F79EFBC}") = "TaskManager", "TaskManager\TaskManager.csproj", "{ADA071A3-C24C-4B71-8EF0-9D95462C3620}"
	ProjectSection(ProjectDependencies) = postProject
		{962E9805-1DA2-44A3-A6CF-3E93030C188F} = {962E9805-1DA2-44A3-A6CF-3E93030C188F}
		{6BB4B127-7E29-43A7-BB8F-F62DBB692F6A} = {6BB4B127-7E29-43A7-BB8F-F62DBB692F6A}
		{4BD29541-73C2-4C98-A1FF-CEB4182CC320} = {4BD29541-73C2-4C98-A1FF-CEB4182CC320}
		{7FA82668-9904-4BE2-B91A-389DDA0AA12E} = {7FA82668-9904-4BE2-B91A-389DDA0AA12E}
		{EAB4B470-25B9-4B25-ABA4-3542B898D10A} = {EAB4B470-25B9-4B25-ABA4-3542B898D10A}
		{A748ECE8-DB9A-44CF-B299-D6E2344E5D13} = {A748ECE8-DB9A-44CF-B299-D6E2344E5D13}
	EndProjectSection
EndProject
Project("{FAE04EC0-301F-11D3-BF4B-00C04F79EFBC}") = "Demo1Task", "Samples\Demo1\Demo1Task.csproj", "{6BB4B127-7E29-43A7-BB8F-F62DBB692F6A}"
EndProject
Project("{FAE04EC0-301F-11D3-BF4B-00C04F79EFBC}") = "Demo2Task", "Samples\Demo2\Demo2Task.csproj", "{EAB4B470-25B9-4B25-ABA4-3542B898D10A}"
EndProject
Project("{FAE04EC0-301F-11D3-BF4B-00C04F79EFBC}") = "DemoStartup", "Samples\DemoStartup\DemoStartup.csproj", "{962E9805-1DA2-44A3-A6CF-3E93030C188F}"
EndProject
Project("{2150E333-8FDC-42A3-9474-1A3956D46DE8}") = "Samples", "Samples", "{A20CFD42-9A52-43E5-8A94-8431C96DF3C6}"
EndProject
Project("{2150E333-8FDC-42A3-9474-1A3956D46DE8}") = "Group1", "Group1", "{CACDFA38-02F8-48FC-B058-614837427283}"
EndProject
Project("{FAE04EC0-301F-11D3-BF4B-00C04F79EFBC}") = "Demo3", "Samples\Demo3\Demo3.csproj", "{7FA82668-9904-4BE2-B91A-389DDA0AA12E}"
EndProject
Project("{2150E333-8FDC-42A3-9474-1A3956D46DE8}") = "SubGroup1", "SubGroup1", "{CE395C10-C514-4877-B7BE-A04FEFC0F401}"
EndProject
Project("{2150E333-8FDC-42A3-9474-1A3956D46DE8}") = "Group2", "Group2", "{2FF85C23-5D31-4E49-A6B0-02D96B7D396F}"
EndProject
Project("{FAE04EC0-301F-11D3-BF4B-00C04F79EFBC}") = "MultiTasks", "Samples\MultiTasks\MultiTasks.csproj", "{4BD29541-73C2-4C98-A1FF-CEB4182CC320}"
EndProject
Project("{2150E333-8FDC-42A3-9474-1A3956D46DE8}") = "Group3", "Group3", "{B22F8748-B1B1-4E8F-8ED3-DB2331F8F320}"
EndProject
Project("{FAE04EC0-301F-11D3-BF4B-00C04F79EFBC}") = "ProblemTasks", "Samples\ProblemTasks\ProblemTasks.csproj", "{A748ECE8-DB9A-44CF-B299-D6E2344E5D13}"
EndProject
Project("{FAE04EC0-301F-11D3-BF4B-00C04F79EFBC}") = "Utils.Core.Tests", "Utils.Core.Tests\Utils.Core.Tests.csproj", "{8320A8FE-4DA7-4E68-A003-93EFB9279B48}"
EndProject
Project("{2150E333-8FDC-42A3-9474-1A3956D46DE8}") = "StackTasks", "StackTasks", "{D8A1472E-207F-4183-A188-7FFF9EB91963}"
EndProject
Project("{FAE04EC0-301F-11D3-BF4B-00C04F79EFBC}") = "JsonExecutorTasks", "StackTasks\JsonExecutorTasks\JsonExecutorTasks.csproj", "{3EA82ACF-D3FF-4964-992F-3DB9875AFD36}"
EndProject
Global
	GlobalSection(SolutionConfigurationPlatforms) = preSolution
		Debug|Any CPU = Debug|Any CPU
		Release|Any CPU = Release|Any CPU
	EndGlobalSection
	GlobalSection(ProjectConfigurationPlatforms) = postSolution
		{1FFF3F27-60C6-4E3F-AF4B-C7BFFD3F8154}.Debug|Any CPU.ActiveCfg = Debug|Any CPU
		{1FFF3F27-60C6-4E3F-AF4B-C7BFFD3F8154}.Debug|Any CPU.Build.0 = Debug|Any CPU
		{1FFF3F27-60C6-4E3F-AF4B-C7BFFD3F8154}.Release|Any CPU.ActiveCfg = Release|Any CPU
		{1FFF3F27-60C6-4E3F-AF4B-C7BFFD3F8154}.Release|Any CPU.Build.0 = Release|Any CPU
		{ADA071A3-C24C-4B71-8EF0-9D95462C3620}.Debug|Any CPU.ActiveCfg = Debug|Any CPU
		{ADA071A3-C24C-4B71-8EF0-9D95462C3620}.Debug|Any CPU.Build.0 = Debug|Any CPU
		{ADA071A3-C24C-4B71-8EF0-9D95462C3620}.Release|Any CPU.ActiveCfg = Release|Any CPU
		{ADA071A3-C24C-4B71-8EF0-9D95462C3620}.Release|Any CPU.Build.0 = Release|Any CPU
		{6BB4B127-7E29-43A7-BB8F-F62DBB692F6A}.Debug|Any CPU.ActiveCfg = Debug|Any CPU
		{6BB4B127-7E29-43A7-BB8F-F62DBB692F6A}.Debug|Any CPU.Build.0 = Debug|Any CPU
		{6BB4B127-7E29-43A7-BB8F-F62DBB692F6A}.Release|Any CPU.ActiveCfg = Release|Any CPU
		{6BB4B127-7E29-43A7-BB8F-F62DBB692F6A}.Release|Any CPU.Build.0 = Release|Any CPU
		{EAB4B470-25B9-4B25-ABA4-3542B898D10A}.Debug|Any CPU.ActiveCfg = Debug|Any CPU
		{EAB4B470-25B9-4B25-ABA4-3542B898D10A}.Debug|Any CPU.Build.0 = Debug|Any CPU
		{EAB4B470-25B9-4B25-ABA4-3542B898D10A}.Release|Any CPU.ActiveCfg = Release|Any CPU
		{EAB4B470-25B9-4B25-ABA4-3542B898D10A}.Release|Any CPU.Build.0 = Release|Any CPU
		{962E9805-1DA2-44A3-A6CF-3E93030C188F}.Debug|Any CPU.ActiveCfg = Debug|Any CPU
		{962E9805-1DA2-44A3-A6CF-3E93030C188F}.Debug|Any CPU.Build.0 = Debug|Any CPU
		{962E9805-1DA2-44A3-A6CF-3E93030C188F}.Release|Any CPU.ActiveCfg = Release|Any CPU
		{962E9805-1DA2-44A3-A6CF-3E93030C188F}.Release|Any CPU.Build.0 = Release|Any CPU
		{7FA82668-9904-4BE2-B91A-389DDA0AA12E}.Debug|Any CPU.ActiveCfg = Debug|Any CPU
		{7FA82668-9904-4BE2-B91A-389DDA0AA12E}.Debug|Any CPU.Build.0 = Debug|Any CPU
		{7FA82668-9904-4BE2-B91A-389DDA0AA12E}.Release|Any CPU.ActiveCfg = Release|Any CPU
		{7FA82668-9904-4BE2-B91A-389DDA0AA12E}.Release|Any CPU.Build.0 = Release|Any CPU
		{4BD29541-73C2-4C98-A1FF-CEB4182CC320}.Debug|Any CPU.ActiveCfg = Debug|Any CPU
		{4BD29541-73C2-4C98-A1FF-CEB4182CC320}.Debug|Any CPU.Build.0 = Debug|Any CPU
		{4BD29541-73C2-4C98-A1FF-CEB4182CC320}.Release|Any CPU.ActiveCfg = Release|Any CPU
		{4BD29541-73C2-4C98-A1FF-CEB4182CC320}.Release|Any CPU.Build.0 = Release|Any CPU
		{A748ECE8-DB9A-44CF-B299-D6E2344E5D13}.Debug|Any CPU.ActiveCfg = Debug|Any CPU
		{A748ECE8-DB9A-44CF-B299-D6E2344E5D13}.Debug|Any CPU.Build.0 = Debug|Any CPU
		{A748ECE8-DB9A-44CF-B299-D6E2344E5D13}.Release|Any CPU.ActiveCfg = Release|Any CPU
		{A748ECE8-DB9A-44CF-B299-D6E2344E5D13}.Release|Any CPU.Build.0 = Release|Any CPU
		{8320A8FE-4DA7-4E68-A003-93EFB9279B48}.Debug|Any CPU.ActiveCfg = Debug|Any CPU
		{8320A8FE-4DA7-4E68-A003-93EFB9279B48}.Debug|Any CPU.Build.0 = Debug|Any CPU
		{8320A8FE-4DA7-4E68-A003-93EFB9279B48}.Release|Any CPU.ActiveCfg = Release|Any CPU
		{8320A8FE-4DA7-4E68-A003-93EFB9279B48}.Release|Any CPU.Build.0 = Release|Any CPU
		{3EA82ACF-D3FF-4964-992F-3DB9875AFD36}.Debug|Any CPU.ActiveCfg = Debug|Any CPU
		{3EA82ACF-D3FF-4964-992F-3DB9875AFD36}.Debug|Any CPU.Build.0 = Debug|Any CPU
		{3EA82ACF-D3FF-4964-992F-3DB9875AFD36}.Release|Any CPU.ActiveCfg = Release|Any CPU
		{3EA82ACF-D3FF-4964-992F-3DB9875AFD36}.Release|Any CPU.Build.0 = Release|Any CPU
	EndGlobalSection
	GlobalSection(SolutionProperties) = preSolution
		HideSolutionNode = FALSE
	EndGlobalSection
	GlobalSection(NestedProjects) = preSolution
		{6BB4B127-7E29-43A7-BB8F-F62DBB692F6A} = {CACDFA38-02F8-48FC-B058-614837427283}
		{EAB4B470-25B9-4B25-ABA4-3542B898D10A} = {CACDFA38-02F8-48FC-B058-614837427283}
		{962E9805-1DA2-44A3-A6CF-3E93030C188F} = {A20CFD42-9A52-43E5-8A94-8431C96DF3C6}
		{CACDFA38-02F8-48FC-B058-614837427283} = {A20CFD42-9A52-43E5-8A94-8431C96DF3C6}
		{7FA82668-9904-4BE2-B91A-389DDA0AA12E} = {CE395C10-C514-4877-B7BE-A04FEFC0F401}
		{CE395C10-C514-4877-B7BE-A04FEFC0F401} = {CACDFA38-02F8-48FC-B058-614837427283}
		{2FF85C23-5D31-4E49-A6B0-02D96B7D396F} = {A20CFD42-9A52-43E5-8A94-8431C96DF3C6}
		{4BD29541-73C2-4C98-A1FF-CEB4182CC320} = {2FF85C23-5D31-4E49-A6B0-02D96B7D396F}
		{B22F8748-B1B1-4E8F-8ED3-DB2331F8F320} = {A20CFD42-9A52-43E5-8A94-8431C96DF3C6}
		{A748ECE8-DB9A-44CF-B299-D6E2344E5D13} = {B22F8748-B1B1-4E8F-8ED3-DB2331F8F320}
		{3EA82ACF-D3FF-4964-992F-3DB9875AFD36} = {D8A1472E-207F-4183-A188-7FFF9EB91963}
	EndGlobalSection
	GlobalSection(ExtensibilityGlobals) = postSolution
		SolutionGuid = {E3F8B47E-936D-452C-AF12-85A8974A5C54}
	EndGlobalSection
EndGlobal
